// !$*UTF8*$!
{
	archiveVersion = 1;
	classes = {
	};
	objectVersion = 56;
	objects = {

/* Begin PBXBuildFile section */
		DA5C35122A2F42BA0004F976 /* MP3File.swift in Sources */ = {isa = PBXBuildFile; fileRef = DA5C35112A2F42BA0004F976 /* MP3File.swift */; };
		DAB348292A276B5D00114A8E /* MP3_TagEditorApp.swift in Sources */ = {isa = PBXBuildFile; fileRef = DAB348282A276B5D00114A8E /* MP3_TagEditorApp.swift */; };
		DAB3482B2A276B5D00114A8E /* ContentView.swift in Sources */ = {isa = PBXBuildFile; fileRef = DAB3482A2A276B5D00114A8E /* ContentView.swift */; };
		DAB3482D2A276B5D00114A8E /* Assets.xcassets in Resources */ = {isa = PBXBuildFile; fileRef = DAB3482C2A276B5D00114A8E /* Assets.xcassets */; };
		DAB348302A276B5D00114A8E /* Preview Assets.xcassets in Resources */ = {isa = PBXBuildFile; fileRef = DAB3482F2A276B5D00114A8E /* Preview Assets.xcassets */; };
/* End PBXBuildFile section */

/* Begin PBXFileReference section */
		DA5C35112A2F42BA0004F976 /* MP3File.swift */ = {isa = PBXFileReference; lastKnownFileType = sourcecode.swift; path = MP3File.swift; sourceTree = "<group>"; };
		DAB348252A276B5D00114A8E /* MP3 TagEditor.app */ = {isa = PBXFileReference; explicitFileType = wrapper.application; includeInIndex = 0; path = "MP3 TagEditor.app"; sourceTree = BUILT_PRODUCTS_DIR; };
		DAB348282A276B5D00114A8E /* MP3_TagEditorApp.swift */ = {isa = PBXFileReference; lastKnownFileType = sourcecode.swift; path = MP3_TagEditorApp.swift; sourceTree = "<group>"; };
		DAB3482A2A276B5D00114A8E /* ContentView.swift */ = {isa = PBXFileReference; lastKnownFileType = sourcecode.swift; path = ContentView.swift; sourceTree = "<group>"; };
		DAB3482C2A276B5D00114A8E /* Assets.xcassets */ = {isa = PBXFileReference; lastKnownFileType = folder.assetcatalog; path = Assets.xcassets; sourceTree = "<group>"; };
		DAB3482F2A276B5D00114A8E /* Preview Assets.xcassets */ = {isa = PBXFileReference; lastKnownFileType = folder.assetcatalog; path = "Preview Assets.xcassets"; sourceTree = "<group>"; };
		DAB348312A276B5D00114A8E /* MP3_TagEditor.entitlements */ = {isa = PBXFileReference; lastKnownFileType = text.plist.entitlements; path = MP3_TagEditor.entitlements; sourceTree = "<group>"; };
/* End PBXFileReference section */

/* Begin PBXFrameworksBuildPhase section */
		DAB348222A276B5D00114A8E /* Frameworks */ = {
			isa = PBXFrameworksBuildPhase;
			buildActionMask = 2147483647;
			files = (
			);
			runOnlyForDeploymentPostprocessing = 0;
		};
/* End PBXFrameworksBuildPhase section */

/* Begin PBXGroup section */
		DA5C35102A2F42920004F976 /* Classes */ = {
			isa = PBXGroup;
			children = (
				DA5C35112A2F42BA0004F976 /* MP3File.swift */,
			);
			path = Classes;
			sourceTree = "<group>";
		};
		DAB3481C2A276B5D00114A8E = {
			isa = PBXGroup;
			children = (
				DAB348272A276B5D00114A8E /* MP3 TagEditor */,
				DAB348262A276B5D00114A8E /* Products */,
			);
			sourceTree = "<group>";
		};
		DAB348262A276B5D00114A8E /* Products */ = {
			isa = PBXGroup;
			children = (
				DAB348252A276B5D00114A8E /* MP3 TagEditor.app */,
			);
			name = Products;
			sourceTree = "<group>";
		};
		DAB348272A276B5D00114A8E /* MP3 TagEditor */ = {
			isa = PBXGroup;
			children = (
				DA5C35102A2F42920004F976 /* Classes */,
				DAB348282A276B5D00114A8E /* MP3_TagEditorApp.swift */,
				DAB3482A2A276B5D00114A8E /* ContentView.swift */,
				DAB3482C2A276B5D00114A8E /* Assets.xcassets */,
				DAB348312A276B5D00114A8E /* MP3_TagEditor.entitlements */,
				DAB3482E2A276B5D00114A8E /* Preview Content */,
			);
			path = "MP3 TagEditor";
			sourceTree = "<group>";
		};
		DAB3482E2A276B5D00114A8E /* Preview Content */ = {
			isa = PBXGroup;
			children = (
				DAB3482F2A276B5D00114A8E /* Preview Assets.xcassets */,
			);
			path = "Preview Content";
			sourceTree = "<group>";
		};
/* End PBXGroup section */

/* Begin PBXNativeTarget section */
		DAB348242A276B5D00114A8E /* MP3 TagEditor */ = {
			isa = PBXNativeTarget;
			buildConfigurationList = DAB348342A276B5D00114A8E /* Build configuration list for PBXNativeTarget "MP3 TagEditor" */;
			buildPhases = (
				DAB348212A276B5D00114A8E /* Sources */,
				DAB348222A276B5D00114A8E /* Frameworks */,
				DAB348232A276B5D00114A8E /* Resources */,
			);
			buildRules = (
			);
			dependencies = (
			);
			name = "MP3 TagEditor";
			productName = "MP3 TagEditor";
			productReference = DAB348252A276B5D00114A8E /* MP3 TagEditor.app */;
			productType = "com.apple.product-type.application";
		};
/* End PBXNativeTarget section */

/* Begin PBXProject section */
		DAB3481D2A276B5D00114A8E /* Project object */ = {
			isa = PBXProject;
			attributes = {
				BuildIndependentTargetsInParallel = 1;
				LastSwiftUpdateCheck = 1430;
				LastUpgradeCheck = 1430;
				TargetAttributes = {
					DAB348242A276B5D00114A8E = {
						CreatedOnToolsVersion = 14.3;
					};
				};
			};
			buildConfigurationList = DAB348202A276B5D00114A8E /* Build configuration list for PBXProject "MP3 TagEditor" */;
			compatibilityVersion = "Xcode 14.0";
			developmentRegion = en;
			hasScannedForEncodings = 0;
			knownRegions = (
				en,
				Base,
			);
			mainGroup = DAB3481C2A276B5D00114A8E;
			productRefGroup = DAB348262A276B5D00114A8E /* Products */;
			projectDirPath = "";
			projectRoot = "";
			targets = (
				DAB348242A276B5D00114A8E /* MP3 TagEditor */,
			);
		};
/* End PBXProject section */

/* Begin PBXResourcesBuildPhase section */
		DAB348232A276B5D00114A8E /* Resources */ = {
			isa = PBXResourcesBuildPhase;
			buildActionMask = 2147483647;
			files = (
				DAB348302A276B5D00114A8E /* Preview Assets.xcassets in Resources */,
				DAB3482D2A276B5D00114A8E /* Assets.xcassets in Resources */,
			);
			runOnlyForDeploymentPostprocessing = 0;
		};
/* End PBXResourcesBuildPhase section */

/* Begin PBXSourcesBuildPhase section */
		DAB348212A276B5D00114A8E /* Sources */ = {
			isa = PBXSourcesBuildPhase;
			buildActionMask = 2147483647;
			files = (
				DA5C35122A2F42BA0004F976 /* MP3File.swift in Sources */,
				DAB3482B2A276B5D00114A8E /* ContentView.swift in Sources */,
				DAB348292A276B5D00114A8E /* MP3_TagEditorApp.swift in Sources */,
			);
			runOnlyForDeploymentPostprocessing = 0;
		};
/* End PBXSourcesBuildPhase section */

/* Begin XCBuildConfiguration section */
		DAB348322A276B5D00114A8E /* Debug */ = {
			isa = XCBuildConfiguration;
			buildSettings = {
				ALWAYS_SEARCH_USER_PATHS = NO;
				CLANG_ANALYZER_NONNULL = YES;
				CLANG_ANALYZER_NUMBER_OBJECT_CONVERSION = YES_AGGRESSIVE;
				CLANG_CXX_LANGUAGE_STANDARD = "gnu++20";
				CLANG_ENABLE_MODULES = YES;
				CLANG_ENABLE_OBJC_ARC = YES;
				CLANG_ENABLE_OBJC_WEAK = YES;
				CLANG_WARN_BLOCK_CAPTURE_AUTORELEASING = YES;
				CLANG_WARN_BOOL_CONVERSION = YES;
				CLANG_WARN_COMMA = YES;
				CLANG_WARN_CONSTANT_CONVERSION = YES;
				CLANG_WARN_DEPRECATED_OBJC_IMPLEMENTATIONS = YES;
				CLANG_WARN_DIRECT_OBJC_ISA_USAGE = YES_ERROR;
				CLANG_WARN_DOCUMENTATION_COMMENTS = YES;
				CLANG_WARN_EMPTY_BODY = YES;
				CLANG_WARN_ENUM_CONVERSION = YES;
				CLANG_WARN_INFINITE_RECURSION = YES;
				CLANG_WARN_INT_CONVERSION = YES;
				CLANG_WARN_NON_LITERAL_NULL_CONVERSION = YES;
				CLANG_WARN_OBJC_IMPLICIT_RETAIN_SELF = YES;
				CLANG_WARN_OBJC_LITERAL_CONVERSION = YES;
				CLANG_WARN_OBJC_ROOT_CLASS = YES_ERROR;
				CLANG_WARN_QUOTED_INCLUDE_IN_FRAMEWORK_HEADER = YES;
				CLANG_WARN_RANGE_LOOP_ANALYSIS = YES;
				CLANG_WARN_STRICT_PROTOTYPES = YES;
				CLANG_WARN_SUSPICIOUS_MOVE = YES;
				CLANG_WARN_UNGUARDED_AVAILABILITY = YES_AGGRESSIVE;
				CLANG_WARN_UNREACHABLE_CODE = YES;
				CLANG_WARN__DUPLICATE_METHOD_MATCH = YES;
				COPY_PHASE_STRIP = NO;
				DEBUG_INFORMATION_FORMAT = dwarf;
				ENABLE_STRICT_OBJC_MSGSEND = YES;
				ENABLE_TESTABILITY = YES;
				GCC_C_LANGUAGE_STANDARD = gnu11;
				GCC_DYNAMIC_NO_PIC = NO;
				GCC_NO_COMMON_BLOCKS = YES;
				GCC_OPTIMIZATION_LEVEL = 0;
				GCC_PREPROCESSOR_DEFINITIONS = (
					"DEBUG=1",
					"$(inherited)",
				);
				GCC_WARN_64_TO_32_BIT_CONVERSION = YES;
				GCC_WARN_ABOUT_RETURN_TYPE = YES_ERROR;
				GCC_WARN_UNDECLARED_SELECTOR = YES;
				GCC_WARN_UNINITIALIZED_AUTOS = YES_AGGRESSIVE;
				GCC_WARN_UNUSED_FUNCTION = YES;
				GCC_WARN_UNUSED_VARIABLE = YES;
				MACOSX_DEPLOYMENT_TARGET = 13.3;
				MTL_ENABLE_DEBUG_INFO = INCLUDE_SOURCE;
				MTL_FAST_MATH = YES;
				ONLY_ACTIVE_ARCH = YES;
				SDKROOT = macosx;
				SWIFT_ACTIVE_COMPILATION_CONDITIONS = DEBUG;
				SWIFT_OPTIMIZATION_LEVEL = "-Onone";
			};
			name = Debug;
		};
		DAB348332A276B5D00114A8E /* Release */ = {
			isa = XCBuildConfiguration;
			buildSettings = {
				ALWAYS_SEARCH_USER_PATHS = NO;
				CLANG_ANALYZER_NONNULL = YES;
				CLANG_ANALYZER_NUMBER_OBJECT_CONVERSION = YES_AGGRESSIVE;
				CLANG_CXX_LANGUAGE_STANDARD = "gnu++20";
				CLANG_ENABLE_MODULES = YES;
				CLANG_ENABLE_OBJC_ARC = YES;
				CLANG_ENABLE_OBJC_WEAK = YES;
				CLANG_WARN_BLOCK_CAPTURE_AUTORELEASING = YES;
				CLANG_WARN_BOOL_CONVERSION = YES;
				CLANG_WARN_COMMA = YES;
				CLANG_WARN_CONSTANT_CONVERSION = YES;
				CLANG_WARN_DEPRECATED_OBJC_IMPLEMENTATIONS = YES;
				CLANG_WARN_DIRECT_OBJC_ISA_USAGE = YES_ERROR;
				CLANG_WARN_DOCUMENTATION_COMMENTS = YES;
				CLANG_WARN_EMPTY_BODY = YES;
				CLANG_WARN_ENUM_CONVERSION = YES;
				CLANG_WARN_INFINITE_RECURSION = YES;
				CLANG_WARN_INT_CONVERSION = YES;
				CLANG_WARN_NON_LITERAL_NULL_CONVERSION = YES;
				CLANG_WARN_OBJC_IMPLICIT_RETAIN_SELF = YES;
				CLANG_WARN_OBJC_LITERAL_CONVERSION = YES;
				CLANG_WARN_OBJC_ROOT_CLASS = YES_ERROR;
				CLANG_WARN_QUOTED_INCLUDE_IN_FRAMEWORK_HEADER = YES;
				CLANG_WARN_RANGE_LOOP_ANALYSIS = YES;
				CLANG_WARN_STRICT_PROTOTYPES = YES;
				CLANG_WARN_SUSPICIOUS_MOVE = YES;
				CLANG_WARN_UNGUARDED_AVAILABILITY = YES_AGGRESSIVE;
				CLANG_WARN_UNREACHABLE_CODE = YES;
				CLANG_WARN__DUPLICATE_METHOD_MATCH = YES;
				COPY_PHASE_STRIP = NO;
				DEBUG_INFORMATION_FORMAT = "dwarf-with-dsym";
				ENABLE_NS_ASSERTIONS = NO;
				ENABLE_STRICT_OBJC_MSGSEND = YES;
				GCC_C_LANGUAGE_STANDARD = gnu11;
				GCC_NO_COMMON_BLOCKS = YES;
				GCC_WARN_64_TO_32_BIT_CONVERSION = YES;
				GCC_WARN_ABOUT_RETURN_TYPE = YES_ERROR;
				GCC_WARN_UNDECLARED_SELECTOR = YES;
				GCC_WARN_UNINITIALIZED_AUTOS = YES_AGGRESSIVE;
				GCC_WARN_UNUSED_FUNCTION = YES;
				GCC_WARN_UNUSED_VARIABLE = YES;
				MACOSX_DEPLOYMENT_TARGET = 13.3;
				MTL_ENABLE_DEBUG_INFO = NO;
				MTL_FAST_MATH = YES;
				SDKROOT = macosx;
				SWIFT_COMPILATION_MODE = wholemodule;
				SWIFT_OPTIMIZATION_LEVEL = "-O";
			};
			name = Release;
		};
		DAB348352A276B5D00114A8E /* Debug */ = {
			isa = XCBuildConfiguration;
			buildSettings = {
				ASSETCATALOG_COMPILER_APPICON_NAME = AppIcon;
				ASSETCATALOG_COMPILER_GLOBAL_ACCENT_COLOR_NAME = AccentColor;
				CODE_SIGN_ENTITLEMENTS = "MP3 TagEditor/MP3_TagEditor.entitlements";
				CODE_SIGN_STYLE = Automatic;
				COMBINE_HIDPI_IMAGES = YES;
				CURRENT_PROJECT_VERSION = 1;
				DEVELOPMENT_ASSET_PATHS = "\"MP3 TagEditor/Preview Content\"";
				DEVELOPMENT_TEAM = 2967Z6ZY84;
				ENABLE_HARDENED_RUNTIME = YES;
				ENABLE_PREVIEWS = YES;
				GENERATE_INFOPLIST_FILE = YES;
				INFOPLIST_KEY_NSHumanReadableCopyright = "";
				LD_RUNPATH_SEARCH_PATHS = (
					"$(inherited)",
					"@executable_path/../Frameworks",
				);
				MARKETING_VERSION = 1.0;
				PRODUCT_BUNDLE_IDENTIFIER = "PaulRuebenich.MP3-TagEditor";
				PRODUCT_NAME = "$(TARGET_NAME)";
				SWIFT_EMIT_LOC_STRINGS = YES;
				SWIFT_VERSION = 5.0;
			};
			name = Debug;
		};
		DAB348362A276B5D00114A8E /* Release */ = {
			isa = XCBuildConfiguration;
			buildSettings = {
				ASSETCATALOG_COMPILER_APPICON_NAME = AppIcon;
				ASSETCATALOG_COMPILER_GLOBAL_ACCENT_COLOR_NAME = AccentColor;
				CODE_SIGN_ENTITLEMENTS = "MP3 TagEditor/MP3_TagEditor.entitlements";
				CODE_SIGN_STYLE = Automatic;
				COMBINE_HIDPI_IMAGES = YES;
				CURRENT_PROJECT_VERSION = 1;
				DEVELOPMENT_ASSET_PATHS = "\"MP3 TagEditor/Preview Content\"";
				DEVELOPMENT_TEAM = 2967Z6ZY84;
				ENABLE_HARDENED_RUNTIME = YES;
				ENABLE_PREVIEWS = YES;
				GENERATE_INFOPLIST_FILE = YES;
				INFOPLIST_KEY_NSHumanReadableCopyright = "";
				LD_RUNPATH_SEARCH_PATHS = (
					"$(inherited)",
					"@executable_path/../Frameworks",
				);
				MARKETING_VERSION = 1.0;
				PRODUCT_BUNDLE_IDENTIFIER = "PaulRuebenich.MP3-TagEditor";
				PRODUCT_NAME = "$(TARGET_NAME)";
				SWIFT_EMIT_LOC_STRINGS = YES;
				SWIFT_VERSION = 5.0;
			};
			name = Release;
		};
/* End XCBuildConfiguration section */

/* Begin XCConfigurationList section */
		DAB348202A276B5D00114A8E /* Build configuration list for PBXProject "MP3 TagEditor" */ = {
			isa = XCConfigurationList;
			buildConfigurations = (
				DAB348322A276B5D00114A8E /* Debug */,
				DAB348332A276B5D00114A8E /* Release */,
			);
			defaultConfigurationIsVisible = 0;
			defaultConfigurationName = Release;
		};
		DAB348342A276B5D00114A8E /* Build configuration list for PBXNativeTarget "MP3 TagEditor" */ = {
			isa = XCConfigurationList;
			buildConfigurations = (
				DAB348352A276B5D00114A8E /* Debug */,
				DAB348362A276B5D00114A8E /* Release */,
			);
			defaultConfigurationIsVisible = 0;
			defaultConfigurationName = Release;
		};
/* End XCConfigurationList section */
	};
	rootObject = DAB3481D2A276B5D00114A8E /* Project object */;
}
